
Microsoft Visual Studio Solution File, Format Version 12.00
# Visual Studio Version 17
VisualStudioVersion = 17.7.34221.43
MinimumVisualStudioVersion = 10.0.40219.1
Project("{FAE04EC0-301F-11D3-BF4B-00C04F79EFBC}") = "Lista de Exercícios 3", "Lista de Exercícios 3\Lista de Exercícios 3.csproj", "{9F64E890-BE03-4834-AFC1-0E501CF6C217}"
EndProject
Global
	GlobalSection(SolutionConfigurationPlatforms) = preSolution
		Debug|Any CPU = Debug|Any CPU
		Release|Any CPU = Release|Any CPU
	EndGlobalSection
	GlobalSection(ProjectConfigurationPlatforms) = postSolution
		{9F64E890-BE03-4834-AFC1-0E501CF6C217}.Debug|Any CPU.ActiveCfg = Debug|Any CPU
		{9F64E890-BE03-4834-AFC1-0E501CF6C217}.Debug|Any CPU.Build.0 = Debug|Any CPU
		{9F64E890-BE03-4834-AFC1-0E501CF6C217}.Release|Any CPU.ActiveCfg = Release|Any CPU
		{9F64E890-BE03-4834-AFC1-0E501CF6C217}.Release|Any CPU.Build.0 = Release|Any CPU
	EndGlobalSection
	GlobalSection(SolutionProperties) = preSolution
		HideSolutionNode = FALSE
	EndGlobalSection
	GlobalSection(ExtensibilityGlobals) = postSolution
		SolutionGuid = {C883BCBF-882B-423E-ACE0-62988F63E2EC}
	EndGlobalSection
EndGlobal
